
Microsoft Visual Studio Solution File, Format Version 12.00
# Visual Studio Version 16
VisualStudioVersion = 16.0.31205.134
MinimumVisualStudioVersion = 10.0.40219.1
Project("{9A19103F-16F7-4668-BE54-9A1E7A4F7556}") = "Boarsenger.API.DAL", "Boarsenger.API.DAL\Boarsenger.API.DAL.csproj", "{F78963B2-26A8-4E50-9074-13DE60B5075E}"
	ProjectSection(ProjectDependencies) = postProject
		{61CC1951-78DA-47C8-846C-AEFC44BA45AC} = {61CC1951-78DA-47C8-846C-AEFC44BA45AC}
	EndProjectSection
EndProject
Project("{9A19103F-16F7-4668-BE54-9A1E7A4F7556}") = "Boarsenger.API.Core", "Boarsenger.API.Core\Boarsenger.API.Core.csproj", "{61CC1951-78DA-47C8-846C-AEFC44BA45AC}"
EndProject
Global
	GlobalSection(SolutionConfigurationPlatforms) = preSolution
		Debug|Any CPU = Debug|Any CPU
		Release|Any CPU = Release|Any CPU
	EndGlobalSection
	GlobalSection(ProjectConfigurationPlatforms) = postSolution
		{F78963B2-26A8-4E50-9074-13DE60B5075E}.Debug|Any CPU.ActiveCfg = Debug|Any CPU
		{F78963B2-26A8-4E50-9074-13DE60B5075E}.Debug|Any CPU.Build.0 = Debug|Any CPU
		{F78963B2-26A8-4E50-9074-13DE60B5075E}.Release|Any CPU.ActiveCfg = Release|Any CPU
		{F78963B2-26A8-4E50-9074-13DE60B5075E}.Release|Any CPU.Build.0 = Release|Any CPU
		{61CC1951-78DA-47C8-846C-AEFC44BA45AC}.Debug|Any CPU.ActiveCfg = Debug|Any CPU
		{61CC1951-78DA-47C8-846C-AEFC44BA45AC}.Debug|Any CPU.Build.0 = Debug|Any CPU
		{61CC1951-78DA-47C8-846C-AEFC44BA45AC}.Release|Any CPU.ActiveCfg = Release|Any CPU
		{61CC1951-78DA-47C8-846C-AEFC44BA45AC}.Release|Any CPU.Build.0 = Release|Any CPU
	EndGlobalSection
	GlobalSection(SolutionProperties) = preSolution
		HideSolutionNode = FALSE
	EndGlobalSection
	GlobalSection(ExtensibilityGlobals) = postSolution
		SolutionGuid = {12889ECF-48DA-41A4-BF3D-C665927FFD24}
	EndGlobalSection
EndGlobal
